
Microsoft Visual Studio Solution File, Format Version 12.00
# Visual Studio Version 17
VisualStudioVersion = 17.3.32922.545
MinimumVisualStudioVersion = 10.0.40219.1
Project("{FAE04EC0-301F-11D3-BF4B-00C04F79EFBC}") = "LoginApi", "LoginApi\LoginApi.csproj", "{7C723F01-6C6C-4BBB-8FC3-98EAB42DA5B6}"
EndProject
Project("{FAE04EC0-301F-11D3-BF4B-00C04F79EFBC}") = "LoginLibrary", "LoginLibrary\LoginLibrary.csproj", "{AAC2D9CC-AD0A-470B-81D5-175F54E2F637}"
EndProject
Global
	GlobalSection(SolutionConfigurationPlatforms) = preSolution
		Debug|Any CPU = Debug|Any CPU
		Release|Any CPU = Release|Any CPU
	EndGlobalSection
	GlobalSection(ProjectConfigurationPlatforms) = postSolution
		{7C723F01-6C6C-4BBB-8FC3-98EAB42DA5B6}.Debug|Any CPU.ActiveCfg = Debug|Any CPU
		{7C723F01-6C6C-4BBB-8FC3-98EAB42DA5B6}.Debug|Any CPU.Build.0 = Debug|Any CPU
		{7C723F01-6C6C-4BBB-8FC3-98EAB42DA5B6}.Release|Any CPU.ActiveCfg = Release|Any CPU
		{7C723F01-6C6C-4BBB-8FC3-98EAB42DA5B6}.Release|Any CPU.Build.0 = Release|Any CPU
		{AAC2D9CC-AD0A-470B-81D5-175F54E2F637}.Debug|Any CPU.ActiveCfg = Debug|Any CPU
		{AAC2D9CC-AD0A-470B-81D5-175F54E2F637}.Debug|Any CPU.Build.0 = Debug|Any CPU
		{AAC2D9CC-AD0A-470B-81D5-175F54E2F637}.Release|Any CPU.ActiveCfg = Release|Any CPU
		{AAC2D9CC-AD0A-470B-81D5-175F54E2F637}.Release|Any CPU.Build.0 = Release|Any CPU
	EndGlobalSection
	GlobalSection(SolutionProperties) = preSolution
		HideSolutionNode = FALSE
	EndGlobalSection
	GlobalSection(ExtensibilityGlobals) = postSolution
		SolutionGuid = {AA972FAD-169D-4F88-9C1A-5E2218D0EAA7}
	EndGlobalSection
EndGlobal
